
Microsoft Visual Studio Solution File, Format Version 12.00
# Visual Studio 15
Project("{FAE04EC0-301F-11D3-BF4B-00C04F79EFBC}") = "GameFramework", "GameFramework.csproj", "{DE2F4901-E635-CE16-3850-209A2B6D3489}"
EndProject
Project("{FAE04EC0-301F-11D3-BF4B-00C04F79EFBC}") = "YooAsset.Editor", "YooAsset.Editor.csproj", "{F1135DCA-B57D-0028-6D12-E324DFB46612}"
EndProject
Project("{FAE04EC0-301F-11D3-BF4B-00C04F79EFBC}") = "UniFramework.Machine", "UniFramework.Machine.csproj", "{7FB3283F-0109-F561-932C-D78A43FB3390}"
EndProject
Project("{FAE04EC0-301F-11D3-BF4B-00C04F79EFBC}") = "UniTask", "UniTask.csproj", "{22B8CC11-A136-3B29-28BF-0264B3AA2134}"
EndProject
Project("{FAE04EC0-301F-11D3-BF4B-00C04F79EFBC}") = "YooAsset", "YooAsset.csproj", "{9A36A97C-83BA-BE07-C259-157BD16F9A69}"
EndProject
Project("{FAE04EC0-301F-11D3-BF4B-00C04F79EFBC}") = "Assembly-CSharp", "Assembly-CSharp.csproj", "{CA8D46DB-FA61-70B6-2EAF-6952A77CAD72}"
EndProject
Project("{FAE04EC0-301F-11D3-BF4B-00C04F79EFBC}") = "UniTask.Linq", "UniTask.Linq.csproj", "{849968EC-90A4-82B7-8075-41BDEA4D5BA2}"
EndProject
Project("{FAE04EC0-301F-11D3-BF4B-00C04F79EFBC}") = "Assembly-CSharp-Editor", "Assembly-CSharp-Editor.csproj", "{EB96A399-4BD1-6CC2-E6E5-AED1ED9AE1DC}"
EndProject
Project("{FAE04EC0-301F-11D3-BF4B-00C04F79EFBC}") = "UnityGameFramework.Runtime", "UnityGameFramework.Runtime.csproj", "{BB303E6D-29EE-B10A-1B60-42AE80D96C58}"
EndProject
Project("{FAE04EC0-301F-11D3-BF4B-00C04F79EFBC}") = "UniTask.Addressables", "UniTask.Addressables.csproj", "{86427439-9D86-5904-6E41-A274C5C1B329}"
EndProject
Project("{FAE04EC0-301F-11D3-BF4B-00C04F79EFBC}") = "UniFramework.Event", "UniFramework.Event.csproj", "{06090F42-5940-A396-2C48-F0D9329A761C}"
EndProject
Project("{FAE04EC0-301F-11D3-BF4B-00C04F79EFBC}") = "UniTask.TextMeshPro", "UniTask.TextMeshPro.csproj", "{64A6DE0C-CBE7-E055-1D75-C215AAD25F6D}"
EndProject
Project("{FAE04EC0-301F-11D3-BF4B-00C04F79EFBC}") = "UniTask.DOTween", "UniTask.DOTween.csproj", "{410A254F-568B-9DD8-7982-71D4F0B2D3AE}"
EndProject
Project("{FAE04EC0-301F-11D3-BF4B-00C04F79EFBC}") = "UniFramework.Utility", "UniFramework.Utility.csproj", "{A5AA45AD-0BED-F9DF-EAE3-84C9D0A78788}"
EndProject
Global
	GlobalSection(SolutionConfigurationPlatforms) = preSolution
		Debug|Any CPU = Debug|Any CPU
		Release|Any CPU = Release|Any CPU
	EndGlobalSection
	GlobalSection(ProjectConfigurationPlatforms) = postSolution
		{DE2F4901-E635-CE16-3850-209A2B6D3489}.Debug|Any CPU.ActiveCfg = Debug|Any CPU
		{DE2F4901-E635-CE16-3850-209A2B6D3489}.Debug|Any CPU.Build.0 = Debug|Any CPU
		{DE2F4901-E635-CE16-3850-209A2B6D3489}.Release|Any CPU.ActiveCfg = Release|Any CPU
		{DE2F4901-E635-CE16-3850-209A2B6D3489}.Release|Any CPU.Build.0 = Release|Any CPU
		{F1135DCA-B57D-0028-6D12-E324DFB46612}.Debug|Any CPU.ActiveCfg = Debug|Any CPU
		{F1135DCA-B57D-0028-6D12-E324DFB46612}.Debug|Any CPU.Build.0 = Debug|Any CPU
		{F1135DCA-B57D-0028-6D12-E324DFB46612}.Release|Any CPU.ActiveCfg = Release|Any CPU
		{F1135DCA-B57D-0028-6D12-E324DFB46612}.Release|Any CPU.Build.0 = Release|Any CPU
		{7FB3283F-0109-F561-932C-D78A43FB3390}.Debug|Any CPU.ActiveCfg = Debug|Any CPU
		{7FB3283F-0109-F561-932C-D78A43FB3390}.Debug|Any CPU.Build.0 = Debug|Any CPU
		{7FB3283F-0109-F561-932C-D78A43FB3390}.Release|Any CPU.ActiveCfg = Release|Any CPU
		{7FB3283F-0109-F561-932C-D78A43FB3390}.Release|Any CPU.Build.0 = Release|Any CPU
		{22B8CC11-A136-3B29-28BF-0264B3AA2134}.Debug|Any CPU.ActiveCfg = Debug|Any CPU
		{22B8CC11-A136-3B29-28BF-0264B3AA2134}.Debug|Any CPU.Build.0 = Debug|Any CPU
		{22B8CC11-A136-3B29-28BF-0264B3AA2134}.Release|Any CPU.ActiveCfg = Release|Any CPU
		{22B8CC11-A136-3B29-28BF-0264B3AA2134}.Release|Any CPU.Build.0 = Release|Any CPU
		{9A36A97C-83BA-BE07-C259-157BD16F9A69}.Debug|Any CPU.ActiveCfg = Debug|Any CPU
		{9A36A97C-83BA-BE07-C259-157BD16F9A69}.Debug|Any CPU.Build.0 = Debug|Any CPU
		{9A36A97C-83BA-BE07-C259-157BD16F9A69}.Release|Any CPU.ActiveCfg = Release|Any CPU
		{9A36A97C-83BA-BE07-C259-157BD16F9A69}.Release|Any CPU.Build.0 = Release|Any CPU
		{CA8D46DB-FA61-70B6-2EAF-6952A77CAD72}.Debug|Any CPU.ActiveCfg = Debug|Any CPU
		{CA8D46DB-FA61-70B6-2EAF-6952A77CAD72}.Debug|Any CPU.Build.0 = Debug|Any CPU
		{CA8D46DB-FA61-70B6-2EAF-6952A77CAD72}.Release|Any CPU.ActiveCfg = Release|Any CPU
		{CA8D46DB-FA61-70B6-2EAF-6952A77CAD72}.Release|Any CPU.Build.0 = Release|Any CPU
		{849968EC-90A4-82B7-8075-41BDEA4D5BA2}.Debug|Any CPU.ActiveCfg = Debug|Any CPU
		{849968EC-90A4-82B7-8075-41BDEA4D5BA2}.Debug|Any CPU.Build.0 = Debug|Any CPU
		{849968EC-90A4-82B7-8075-41BDEA4D5BA2}.Release|Any CPU.ActiveCfg = Release|Any CPU
		{849968EC-90A4-82B7-8075-41BDEA4D5BA2}.Release|Any CPU.Build.0 = Release|Any CPU
		{EB96A399-4BD1-6CC2-E6E5-AED1ED9AE1DC}.Debug|Any CPU.ActiveCfg = Debug|Any CPU
		{EB96A399-4BD1-6CC2-E6E5-AED1ED9AE1DC}.Debug|Any CPU.Build.0 = Debug|Any CPU
		{EB96A399-4BD1-6CC2-E6E5-AED1ED9AE1DC}.Release|Any CPU.ActiveCfg = Release|Any CPU
		{EB96A399-4BD1-6CC2-E6E5-AED1ED9AE1DC}.Release|Any CPU.Build.0 = Release|Any CPU
		{BB303E6D-29EE-B10A-1B60-42AE80D96C58}.Debug|Any CPU.ActiveCfg = Debug|Any CPU
		{BB303E6D-29EE-B10A-1B60-42AE80D96C58}.Debug|Any CPU.Build.0 = Debug|Any CPU
		{BB303E6D-29EE-B10A-1B60-42AE80D96C58}.Release|Any CPU.ActiveCfg = Release|Any CPU
		{BB303E6D-29EE-B10A-1B60-42AE80D96C58}.Release|Any CPU.Build.0 = Release|Any CPU
		{86427439-9D86-5904-6E41-A274C5C1B329}.Debug|Any CPU.ActiveCfg = Debug|Any CPU
		{86427439-9D86-5904-6E41-A274C5C1B329}.Debug|Any CPU.Build.0 = Debug|Any CPU
		{86427439-9D86-5904-6E41-A274C5C1B329}.Release|Any CPU.ActiveCfg = Release|Any CPU
		{86427439-9D86-5904-6E41-A274C5C1B329}.Release|Any CPU.Build.0 = Release|Any CPU
		{06090F42-5940-A396-2C48-F0D9329A761C}.Debug|Any CPU.ActiveCfg = Debug|Any CPU
		{06090F42-5940-A396-2C48-F0D9329A761C}.Debug|Any CPU.Build.0 = Debug|Any CPU
		{06090F42-5940-A396-2C48-F0D9329A761C}.Release|Any CPU.ActiveCfg = Release|Any CPU
		{06090F42-5940-A396-2C48-F0D9329A761C}.Release|Any CPU.Build.0 = Release|Any CPU
		{64A6DE0C-CBE7-E055-1D75-C215AAD25F6D}.Debug|Any CPU.ActiveCfg = Debug|Any CPU
		{64A6DE0C-CBE7-E055-1D75-C215AAD25F6D}.Debug|Any CPU.Build.0 = Debug|Any CPU
		{64A6DE0C-CBE7-E055-1D75-C215AAD25F6D}.Release|Any CPU.ActiveCfg = Release|Any CPU
		{64A6DE0C-CBE7-E055-1D75-C215AAD25F6D}.Release|Any CPU.Build.0 = Release|Any CPU
		{410A254F-568B-9DD8-7982-71D4F0B2D3AE}.Debug|Any CPU.ActiveCfg = Debug|Any CPU
		{410A254F-568B-9DD8-7982-71D4F0B2D3AE}.Debug|Any CPU.Build.0 = Debug|Any CPU
		{410A254F-568B-9DD8-7982-71D4F0B2D3AE}.Release|Any CPU.ActiveCfg = Release|Any CPU
		{410A254F-568B-9DD8-7982-71D4F0B2D3AE}.Release|Any CPU.Build.0 = Release|Any CPU
		{A5AA45AD-0BED-F9DF-EAE3-84C9D0A78788}.Debug|Any CPU.ActiveCfg = Debug|Any CPU
		{A5AA45AD-0BED-F9DF-EAE3-84C9D0A78788}.Debug|Any CPU.Build.0 = Debug|Any CPU
		{A5AA45AD-0BED-F9DF-EAE3-84C9D0A78788}.Release|Any CPU.ActiveCfg = Release|Any CPU
		{A5AA45AD-0BED-F9DF-EAE3-84C9D0A78788}.Release|Any CPU.Build.0 = Release|Any CPU
	EndGlobalSection
	GlobalSection(SolutionProperties) = preSolution
		HideSolutionNode = FALSE
	EndGlobalSection
EndGlobal
