
Microsoft Visual Studio Solution File, Format Version 12.00
# Visual Studio 15
Project("{FAE04EC0-301F-11D3-BF4B-00C04F79EFBC}") = "YooAsset.Editor", "YooAsset.Editor.csproj", "{F1135DCA-B57D-0028-6D12-E324DFB46612}"
EndProject
Project("{FAE04EC0-301F-11D3-BF4B-00C04F79EFBC}") = "UniTask", "UniTask.csproj", "{22B8CC11-A136-3B29-28BF-0264B3AA2134}"
EndProject
Project("{FAE04EC0-301F-11D3-BF4B-00C04F79EFBC}") = "UniTask.Linq", "UniTask.Linq.csproj", "{849968EC-90A4-82B7-8075-41BDEA4D5BA2}"
EndProject
Project("{FAE04EC0-301F-11D3-BF4B-00C04F79EFBC}") = "YooAsset", "YooAsset.csproj", "{9A36A97C-83BA-BE07-C259-157BD16F9A69}"
EndProject
Project("{FAE04EC0-301F-11D3-BF4B-00C04F79EFBC}") = "GameFramework.Runtime", "GameFramework.Runtime.csproj", "{A2B118D7-E71F-F80F-581B-83BF12F5E873}"
EndProject
Project("{FAE04EC0-301F-11D3-BF4B-00C04F79EFBC}") = "GameFramework", "GameFramework.csproj", "{DE2F4901-E635-CE16-3850-209A2B6D3489}"
EndProject
Project("{FAE04EC0-301F-11D3-BF4B-00C04F79EFBC}") = "UniTask.Addressables", "UniTask.Addressables.csproj", "{86427439-9D86-5904-6E41-A274C5C1B329}"
EndProject
Project("{FAE04EC0-301F-11D3-BF4B-00C04F79EFBC}") = "Assembly-CSharp", "Assembly-CSharp.csproj", "{CA8D46DB-FA61-70B6-2EAF-6952A77CAD72}"
EndProject
Project("{FAE04EC0-301F-11D3-BF4B-00C04F79EFBC}") = "UniTask.TextMeshPro", "UniTask.TextMeshPro.csproj", "{64A6DE0C-CBE7-E055-1D75-C215AAD25F6D}"
EndProject
Project("{FAE04EC0-301F-11D3-BF4B-00C04F79EFBC}") = "HotUpdate", "HotUpdate.csproj", "{BC3EE3E7-53DC-46AF-01BE-245E76D30C86}"
EndProject
Project("{FAE04EC0-301F-11D3-BF4B-00C04F79EFBC}") = "UniTask.DOTween", "UniTask.DOTween.csproj", "{410A254F-568B-9DD8-7982-71D4F0B2D3AE}"
EndProject
Global
	GlobalSection(SolutionConfigurationPlatforms) = preSolution
		Debug|Any CPU = Debug|Any CPU
		Release|Any CPU = Release|Any CPU
	EndGlobalSection
	GlobalSection(ProjectConfigurationPlatforms) = postSolution
		{F1135DCA-B57D-0028-6D12-E324DFB46612}.Debug|Any CPU.ActiveCfg = Debug|Any CPU
		{F1135DCA-B57D-0028-6D12-E324DFB46612}.Debug|Any CPU.Build.0 = Debug|Any CPU
		{F1135DCA-B57D-0028-6D12-E324DFB46612}.Release|Any CPU.ActiveCfg = Release|Any CPU
		{F1135DCA-B57D-0028-6D12-E324DFB46612}.Release|Any CPU.Build.0 = Release|Any CPU
		{22B8CC11-A136-3B29-28BF-0264B3AA2134}.Debug|Any CPU.ActiveCfg = Debug|Any CPU
		{22B8CC11-A136-3B29-28BF-0264B3AA2134}.Debug|Any CPU.Build.0 = Debug|Any CPU
		{22B8CC11-A136-3B29-28BF-0264B3AA2134}.Release|Any CPU.ActiveCfg = Release|Any CPU
		{22B8CC11-A136-3B29-28BF-0264B3AA2134}.Release|Any CPU.Build.0 = Release|Any CPU
		{849968EC-90A4-82B7-8075-41BDEA4D5BA2}.Debug|Any CPU.ActiveCfg = Debug|Any CPU
		{849968EC-90A4-82B7-8075-41BDEA4D5BA2}.Debug|Any CPU.Build.0 = Debug|Any CPU
		{849968EC-90A4-82B7-8075-41BDEA4D5BA2}.Release|Any CPU.ActiveCfg = Release|Any CPU
		{849968EC-90A4-82B7-8075-41BDEA4D5BA2}.Release|Any CPU.Build.0 = Release|Any CPU
		{9A36A97C-83BA-BE07-C259-157BD16F9A69}.Debug|Any CPU.ActiveCfg = Debug|Any CPU
		{9A36A97C-83BA-BE07-C259-157BD16F9A69}.Debug|Any CPU.Build.0 = Debug|Any CPU
		{9A36A97C-83BA-BE07-C259-157BD16F9A69}.Release|Any CPU.ActiveCfg = Release|Any CPU
		{9A36A97C-83BA-BE07-C259-157BD16F9A69}.Release|Any CPU.Build.0 = Release|Any CPU
		{A2B118D7-E71F-F80F-581B-83BF12F5E873}.Debug|Any CPU.ActiveCfg = Debug|Any CPU
		{A2B118D7-E71F-F80F-581B-83BF12F5E873}.Debug|Any CPU.Build.0 = Debug|Any CPU
		{A2B118D7-E71F-F80F-581B-83BF12F5E873}.Release|Any CPU.ActiveCfg = Release|Any CPU
		{A2B118D7-E71F-F80F-581B-83BF12F5E873}.Release|Any CPU.Build.0 = Release|Any CPU
		{DE2F4901-E635-CE16-3850-209A2B6D3489}.Debug|Any CPU.ActiveCfg = Debug|Any CPU
		{DE2F4901-E635-CE16-3850-209A2B6D3489}.Debug|Any CPU.Build.0 = Debug|Any CPU
		{DE2F4901-E635-CE16-3850-209A2B6D3489}.Release|Any CPU.ActiveCfg = Release|Any CPU
		{DE2F4901-E635-CE16-3850-209A2B6D3489}.Release|Any CPU.Build.0 = Release|Any CPU
		{86427439-9D86-5904-6E41-A274C5C1B329}.Debug|Any CPU.ActiveCfg = Debug|Any CPU
		{86427439-9D86-5904-6E41-A274C5C1B329}.Debug|Any CPU.Build.0 = Debug|Any CPU
		{86427439-9D86-5904-6E41-A274C5C1B329}.Release|Any CPU.ActiveCfg = Release|Any CPU
		{86427439-9D86-5904-6E41-A274C5C1B329}.Release|Any CPU.Build.0 = Release|Any CPU
		{CA8D46DB-FA61-70B6-2EAF-6952A77CAD72}.Debug|Any CPU.ActiveCfg = Debug|Any CPU
		{CA8D46DB-FA61-70B6-2EAF-6952A77CAD72}.Debug|Any CPU.Build.0 = Debug|Any CPU
		{CA8D46DB-FA61-70B6-2EAF-6952A77CAD72}.Release|Any CPU.ActiveCfg = Release|Any CPU
		{CA8D46DB-FA61-70B6-2EAF-6952A77CAD72}.Release|Any CPU.Build.0 = Release|Any CPU
		{64A6DE0C-CBE7-E055-1D75-C215AAD25F6D}.Debug|Any CPU.ActiveCfg = Debug|Any CPU
		{64A6DE0C-CBE7-E055-1D75-C215AAD25F6D}.Debug|Any CPU.Build.0 = Debug|Any CPU
		{64A6DE0C-CBE7-E055-1D75-C215AAD25F6D}.Release|Any CPU.ActiveCfg = Release|Any CPU
		{64A6DE0C-CBE7-E055-1D75-C215AAD25F6D}.Release|Any CPU.Build.0 = Release|Any CPU
		{BC3EE3E7-53DC-46AF-01BE-245E76D30C86}.Debug|Any CPU.ActiveCfg = Debug|Any CPU
		{BC3EE3E7-53DC-46AF-01BE-245E76D30C86}.Debug|Any CPU.Build.0 = Debug|Any CPU
		{BC3EE3E7-53DC-46AF-01BE-245E76D30C86}.Release|Any CPU.ActiveCfg = Release|Any CPU
		{BC3EE3E7-53DC-46AF-01BE-245E76D30C86}.Release|Any CPU.Build.0 = Release|Any CPU
		{410A254F-568B-9DD8-7982-71D4F0B2D3AE}.Debug|Any CPU.ActiveCfg = Debug|Any CPU
		{410A254F-568B-9DD8-7982-71D4F0B2D3AE}.Debug|Any CPU.Build.0 = Debug|Any CPU
		{410A254F-568B-9DD8-7982-71D4F0B2D3AE}.Release|Any CPU.ActiveCfg = Release|Any CPU
		{410A254F-568B-9DD8-7982-71D4F0B2D3AE}.Release|Any CPU.Build.0 = Release|Any CPU
	EndGlobalSection
	GlobalSection(SolutionProperties) = preSolution
		HideSolutionNode = FALSE
	EndGlobalSection
EndGlobal
